
Microsoft Visual Studio Solution File, Format Version 12.00
# Visual Studio Version 17
VisualStudioVersion = 17.14.36327.8 d17.14
MinimumVisualStudioVersion = 10.0.40219.1
Project("{FAE04EC0-301F-11D3-BF4B-00C04F79EFBC}") = "HackYeah2025Api", "HackYeah2025Api\HackYeah2025Api.csproj", "{EE9386F4-5A1D-4499-B3BC-1F1B2E35121E}"
EndProject
Global
	GlobalSection(SolutionConfigurationPlatforms) = preSolution
		Debug|Any CPU = Debug|Any CPU
		Release|Any CPU = Release|Any CPU
	EndGlobalSection
	GlobalSection(ProjectConfigurationPlatforms) = postSolution
		{EE9386F4-5A1D-4499-B3BC-1F1B2E35121E}.Debug|Any CPU.ActiveCfg = Debug|Any CPU
		{EE9386F4-5A1D-4499-B3BC-1F1B2E35121E}.Debug|Any CPU.Build.0 = Debug|Any CPU
		{EE9386F4-5A1D-4499-B3BC-1F1B2E35121E}.Release|Any CPU.ActiveCfg = Release|Any CPU
		{EE9386F4-5A1D-4499-B3BC-1F1B2E35121E}.Release|Any CPU.Build.0 = Release|Any CPU
	EndGlobalSection
	GlobalSection(SolutionProperties) = preSolution
		HideSolutionNode = FALSE
	EndGlobalSection
	GlobalSection(ExtensibilityGlobals) = postSolution
		SolutionGuid = {C01B7869-5E5A-41A0-B774-BF6FFCEAFEAF}
	EndGlobalSection
EndGlobal
